
Microsoft Visual Studio Solution File, Format Version 12.00
# Visual Studio Version 17
VisualStudioVersion = 17.7.34031.279
MinimumVisualStudioVersion = 10.0.40219.1
Project("{FAE04EC0-301F-11D3-BF4B-00C04F79EFBC}") = "TTMDotNetCore.ConsoleApp", "TTMDotNetCore.ConsoleApp\TTMDotNetCore.ConsoleApp.csproj", "{18580833-5F42-4D5A-AF44-3F92FB7A542D}"
EndProject
Global
	GlobalSection(SolutionConfigurationPlatforms) = preSolution
		Debug|Any CPU = Debug|Any CPU
		Release|Any CPU = Release|Any CPU
	EndGlobalSection
	GlobalSection(ProjectConfigurationPlatforms) = postSolution
		{18580833-5F42-4D5A-AF44-3F92FB7A542D}.Debug|Any CPU.ActiveCfg = Debug|Any CPU
		{18580833-5F42-4D5A-AF44-3F92FB7A542D}.Debug|Any CPU.Build.0 = Debug|Any CPU
		{18580833-5F42-4D5A-AF44-3F92FB7A542D}.Release|Any CPU.ActiveCfg = Release|Any CPU
		{18580833-5F42-4D5A-AF44-3F92FB7A542D}.Release|Any CPU.Build.0 = Release|Any CPU
	EndGlobalSection
	GlobalSection(SolutionProperties) = preSolution
		HideSolutionNode = FALSE
	EndGlobalSection
	GlobalSection(ExtensibilityGlobals) = postSolution
		SolutionGuid = {0691E504-6285-40DA-AFC2-94BA1C72B939}
	EndGlobalSection
EndGlobal
