
Microsoft Visual Studio Solution File, Format Version 12.00
# Visual Studio Version 17
VisualStudioVersion = 17.7.34031.279
MinimumVisualStudioVersion = 10.0.40219.1
Project("{FAE04EC0-301F-11D3-BF4B-00C04F79EFBC}") = "TTMDotNetCore.WindowsFormApp", "TTMDotNetCore.WindowsFormApp\TTMDotNetCore.WindowsFormApp.csproj", "{4DC74CF6-C650-4807-AB2C-FF6DD4E8E7EE}"
EndProject
Project("{9A19103F-16F7-4668-BE54-9A1E7A4F7556}") = "TTMDotNetCore.ConsoleApp", "TTMDotNetCore.ConsoleApp\TTMDotNetCore.ConsoleApp.csproj", "{4C77A151-4DEB-4F86-A7F2-DDE074D487EA}"
EndProject
Project("{9A19103F-16F7-4668-BE54-9A1E7A4F7556}") = "TTMDotNetCore.WebAPI", "TTMDotNetCore.WebAPI\TTMDotNetCore.WebAPI.csproj", "{DF22138C-9B4D-4DFD-BD37-18581DCD2CF4}"
EndProject
Project("{9A19103F-16F7-4668-BE54-9A1E7A4F7556}") = "TTMDotNetCore.RestAPI", "TTMDotNetCore.RestAPI\TTMDotNetCore.RestAPI.csproj", "{6E96E607-B3FE-4273-8B69-3FA1440246F4}"
EndProject
Project("{9A19103F-16F7-4668-BE54-9A1E7A4F7556}") = "TTMDotNetCore.MvcApp", "TTMDotNetCore.MvcApp\TTMDotNetCore.MvcApp.csproj", "{ED12FB8C-FE27-4192-B104-AEF9ED123278}"
EndProject
Project("{9A19103F-16F7-4668-BE54-9A1E7A4F7556}") = "TTMDotNetCore.WebMVCApp", "TTMDotNetCore.WebMVCApp\TTMDotNetCore.WebMVCApp.csproj", "{3C8625A1-693A-44A2-A6CD-E99DDD2F67F8}"
EndProject
Project("{9A19103F-16F7-4668-BE54-9A1E7A4F7556}") = "TTMDotNetCore.ThemeMvcApp", "TTMDotNetCore.ThemeMvcApp\TTMDotNetCore.ThemeMvcApp.csproj", "{2FE4D95A-5F08-4A59-96EC-299DD458FCCC}"
EndProject
Project("{9A19103F-16F7-4668-BE54-9A1E7A4F7556}") = "TTMDotNetCore.ATMWebApp", "TTMDotNetCore.ATMWebApp\TTMDotNetCore.ATMWebApp.csproj", "{71E23CE5-BB67-4225-A882-9BA10FDA934F}"
EndProject
Project("{FAE04EC0-301F-11D3-BF4B-00C04F79EFBC}") = "TTMDotNetCore.MinimalApi", "TTMDotNetCore.MinimalApi\TTMDotNetCore.MinimalApi.csproj", "{5E4A35A5-C2DF-48F4-93DF-AB886AB2CDDA}"
EndProject
Global
	GlobalSection(SolutionConfigurationPlatforms) = preSolution
		Debug|Any CPU = Debug|Any CPU
		Release|Any CPU = Release|Any CPU
	EndGlobalSection
	GlobalSection(ProjectConfigurationPlatforms) = postSolution
		{4DC74CF6-C650-4807-AB2C-FF6DD4E8E7EE}.Debug|Any CPU.ActiveCfg = Debug|Any CPU
		{4DC74CF6-C650-4807-AB2C-FF6DD4E8E7EE}.Debug|Any CPU.Build.0 = Debug|Any CPU
		{4DC74CF6-C650-4807-AB2C-FF6DD4E8E7EE}.Release|Any CPU.ActiveCfg = Release|Any CPU
		{4DC74CF6-C650-4807-AB2C-FF6DD4E8E7EE}.Release|Any CPU.Build.0 = Release|Any CPU
		{4C77A151-4DEB-4F86-A7F2-DDE074D487EA}.Debug|Any CPU.ActiveCfg = Debug|Any CPU
		{4C77A151-4DEB-4F86-A7F2-DDE074D487EA}.Debug|Any CPU.Build.0 = Debug|Any CPU
		{4C77A151-4DEB-4F86-A7F2-DDE074D487EA}.Release|Any CPU.ActiveCfg = Release|Any CPU
		{4C77A151-4DEB-4F86-A7F2-DDE074D487EA}.Release|Any CPU.Build.0 = Release|Any CPU
		{DF22138C-9B4D-4DFD-BD37-18581DCD2CF4}.Debug|Any CPU.ActiveCfg = Debug|Any CPU
		{DF22138C-9B4D-4DFD-BD37-18581DCD2CF4}.Debug|Any CPU.Build.0 = Debug|Any CPU
		{DF22138C-9B4D-4DFD-BD37-18581DCD2CF4}.Release|Any CPU.ActiveCfg = Release|Any CPU
		{DF22138C-9B4D-4DFD-BD37-18581DCD2CF4}.Release|Any CPU.Build.0 = Release|Any CPU
		{6E96E607-B3FE-4273-8B69-3FA1440246F4}.Debug|Any CPU.ActiveCfg = Debug|Any CPU
		{6E96E607-B3FE-4273-8B69-3FA1440246F4}.Debug|Any CPU.Build.0 = Debug|Any CPU
		{6E96E607-B3FE-4273-8B69-3FA1440246F4}.Release|Any CPU.ActiveCfg = Release|Any CPU
		{6E96E607-B3FE-4273-8B69-3FA1440246F4}.Release|Any CPU.Build.0 = Release|Any CPU
		{ED12FB8C-FE27-4192-B104-AEF9ED123278}.Debug|Any CPU.ActiveCfg = Debug|Any CPU
		{ED12FB8C-FE27-4192-B104-AEF9ED123278}.Debug|Any CPU.Build.0 = Debug|Any CPU
		{ED12FB8C-FE27-4192-B104-AEF9ED123278}.Release|Any CPU.ActiveCfg = Release|Any CPU
		{ED12FB8C-FE27-4192-B104-AEF9ED123278}.Release|Any CPU.Build.0 = Release|Any CPU
		{3C8625A1-693A-44A2-A6CD-E99DDD2F67F8}.Debug|Any CPU.ActiveCfg = Debug|Any CPU
		{3C8625A1-693A-44A2-A6CD-E99DDD2F67F8}.Debug|Any CPU.Build.0 = Debug|Any CPU
		{3C8625A1-693A-44A2-A6CD-E99DDD2F67F8}.Release|Any CPU.ActiveCfg = Release|Any CPU
		{3C8625A1-693A-44A2-A6CD-E99DDD2F67F8}.Release|Any CPU.Build.0 = Release|Any CPU
		{2FE4D95A-5F08-4A59-96EC-299DD458FCCC}.Debug|Any CPU.ActiveCfg = Debug|Any CPU
		{2FE4D95A-5F08-4A59-96EC-299DD458FCCC}.Debug|Any CPU.Build.0 = Debug|Any CPU
		{2FE4D95A-5F08-4A59-96EC-299DD458FCCC}.Release|Any CPU.ActiveCfg = Release|Any CPU
		{2FE4D95A-5F08-4A59-96EC-299DD458FCCC}.Release|Any CPU.Build.0 = Release|Any CPU
		{71E23CE5-BB67-4225-A882-9BA10FDA934F}.Debug|Any CPU.ActiveCfg = Debug|Any CPU
		{71E23CE5-BB67-4225-A882-9BA10FDA934F}.Debug|Any CPU.Build.0 = Debug|Any CPU
		{71E23CE5-BB67-4225-A882-9BA10FDA934F}.Release|Any CPU.ActiveCfg = Release|Any CPU
		{71E23CE5-BB67-4225-A882-9BA10FDA934F}.Release|Any CPU.Build.0 = Release|Any CPU
		{5E4A35A5-C2DF-48F4-93DF-AB886AB2CDDA}.Debug|Any CPU.ActiveCfg = Debug|Any CPU
		{5E4A35A5-C2DF-48F4-93DF-AB886AB2CDDA}.Debug|Any CPU.Build.0 = Debug|Any CPU
		{5E4A35A5-C2DF-48F4-93DF-AB886AB2CDDA}.Release|Any CPU.ActiveCfg = Release|Any CPU
		{5E4A35A5-C2DF-48F4-93DF-AB886AB2CDDA}.Release|Any CPU.Build.0 = Release|Any CPU
	EndGlobalSection
	GlobalSection(SolutionProperties) = preSolution
		HideSolutionNode = FALSE
	EndGlobalSection
	GlobalSection(ExtensibilityGlobals) = postSolution
		SolutionGuid = {0691E504-6285-40DA-AFC2-94BA1C72B939}
	EndGlobalSection
EndGlobal
